
Microsoft Visual Studio Solution File, Format Version 12.00
# Visual Studio Version 17
VisualStudioVersion = 17.7.34202.233
MinimumVisualStudioVersion = 10.0.40219.1
Project("{FAE04EC0-301F-11D3-BF4B-00C04F79EFBC}") = "Tema3-CalculadoraEstilosDinamica", "Tema3-CalculadoraEstilosDinamica\Tema3-CalculadoraEstilosDinamica.csproj", "{182D3058-46AA-41B3-BAA1-AAF81AA817B6}"
EndProject
Global
	GlobalSection(SolutionConfigurationPlatforms) = preSolution
		Debug|Any CPU = Debug|Any CPU
		Release|Any CPU = Release|Any CPU
	EndGlobalSection
	GlobalSection(ProjectConfigurationPlatforms) = postSolution
		{182D3058-46AA-41B3-BAA1-AAF81AA817B6}.Debug|Any CPU.ActiveCfg = Debug|Any CPU
		{182D3058-46AA-41B3-BAA1-AAF81AA817B6}.Debug|Any CPU.Build.0 = Debug|Any CPU
		{182D3058-46AA-41B3-BAA1-AAF81AA817B6}.Release|Any CPU.ActiveCfg = Release|Any CPU
		{182D3058-46AA-41B3-BAA1-AAF81AA817B6}.Release|Any CPU.Build.0 = Release|Any CPU
	EndGlobalSection
	GlobalSection(SolutionProperties) = preSolution
		HideSolutionNode = FALSE
	EndGlobalSection
	GlobalSection(ExtensibilityGlobals) = postSolution
		SolutionGuid = {A4F3A3BB-3116-4ABF-9655-46DC919AC729}
	EndGlobalSection
EndGlobal
